
Microsoft Visual Studio Solution File, Format Version 12.00
# Visual Studio Version 17
VisualStudioVersion = 17.4.33213.308
MinimumVisualStudioVersion = 10.0.40219.1
Project("{2150E333-8FDC-42A3-9474-1A3956D46DE8}") = "Application", "Application", "{EACDC9D5-4A5A-42C7-B8AA-5B59C960F05A}"
EndProject
Project("{2150E333-8FDC-42A3-9474-1A3956D46DE8}") = "Domain", "Domain", "{F69EB307-B73B-4062-97F3-89C7368D1358}"
EndProject
Project("{2150E333-8FDC-42A3-9474-1A3956D46DE8}") = "Infrastructure", "Infrastructure", "{84034956-71BC-4E90-B575-0ED218DB12F4}"
EndProject
Project("{2150E333-8FDC-42A3-9474-1A3956D46DE8}") = "Services", "Services", "{8BFC396D-632E-4551-A3FF-16F2BE6E2B73}"
EndProject
Project("{2150E333-8FDC-42A3-9474-1A3956D46DE8}") = "Utilities", "Utilities", "{8B26F87D-8E5C-4146-B606-29C1F154B34A}"
EndProject
Project("{FAE04EC0-301F-11D3-BF4B-00C04F79EFBC}") = "CLINICAL.Domain", "src\CLINICAL.Domain\CLINICAL.Domain.csproj", "{FC62D9F5-2E3D-4947-8E57-EC851F27F9D8}"
EndProject
Project("{FAE04EC0-301F-11D3-BF4B-00C04F79EFBC}") = "CLINICAL.Infrastructure", "src\CLINICAL.Infrastructure\CLINICAL.Infrastructure.csproj", "{ED1D61F2-3254-453C-B0CB-8E77AED445EB}"
EndProject
Project("{FAE04EC0-301F-11D3-BF4B-00C04F79EFBC}") = "CLINICAL.Persistence", "src\CLINICAL.Persistence\CLINICAL.Persistence.csproj", "{599B6C94-EA40-4F86-87E6-4E7DA446D8EC}"
EndProject
Project("{FAE04EC0-301F-11D3-BF4B-00C04F79EFBC}") = "CLINICAL.Application.Dtos", "src\CLINICAL.Application.Dtos\CLINICAL.Application.Dtos.csproj", "{9270E3FC-51A1-484D-914B-EDC864F7D184}"
EndProject
Project("{FAE04EC0-301F-11D3-BF4B-00C04F79EFBC}") = "CLINICAL.Application.Interface", "src\CLINICAL.Application.Interface\CLINICAL.Application.Interface.csproj", "{7BF67838-3C98-46E3-BA7A-6D870F1D9A87}"
EndProject
Project("{FAE04EC0-301F-11D3-BF4B-00C04F79EFBC}") = "CLINICAL.Application.UseCase", "src\CLINICAL.Application.UseCase\CLINICAL.Application.UseCase.csproj", "{999D9D17-8AD5-49CF-9D79-5519953E1BDC}"
EndProject
Project("{FAE04EC0-301F-11D3-BF4B-00C04F79EFBC}") = "CLINICAL.Api", "src\CLINICAL.Api\CLINICAL.Api.csproj", "{5E80E49D-9B77-43FB-9F42-E9DDEBE7827F}"
EndProject
Project("{FAE04EC0-301F-11D3-BF4B-00C04F79EFBC}") = "CLINICAL.Utilities", "src\CLINICAL.Utilities\CLINICAL.Utilities.csproj", "{D386C0DB-5BC1-49BF-A029-EF9D618B34E7}"
EndProject
Global
	GlobalSection(SolutionConfigurationPlatforms) = preSolution
		Debug|Any CPU = Debug|Any CPU
		Release|Any CPU = Release|Any CPU
	EndGlobalSection
	GlobalSection(ProjectConfigurationPlatforms) = postSolution
		{FC62D9F5-2E3D-4947-8E57-EC851F27F9D8}.Debug|Any CPU.ActiveCfg = Debug|Any CPU
		{FC62D9F5-2E3D-4947-8E57-EC851F27F9D8}.Debug|Any CPU.Build.0 = Debug|Any CPU
		{FC62D9F5-2E3D-4947-8E57-EC851F27F9D8}.Release|Any CPU.ActiveCfg = Release|Any CPU
		{FC62D9F5-2E3D-4947-8E57-EC851F27F9D8}.Release|Any CPU.Build.0 = Release|Any CPU
		{ED1D61F2-3254-453C-B0CB-8E77AED445EB}.Debug|Any CPU.ActiveCfg = Debug|Any CPU
		{ED1D61F2-3254-453C-B0CB-8E77AED445EB}.Debug|Any CPU.Build.0 = Debug|Any CPU
		{ED1D61F2-3254-453C-B0CB-8E77AED445EB}.Release|Any CPU.ActiveCfg = Release|Any CPU
		{ED1D61F2-3254-453C-B0CB-8E77AED445EB}.Release|Any CPU.Build.0 = Release|Any CPU
		{599B6C94-EA40-4F86-87E6-4E7DA446D8EC}.Debug|Any CPU.ActiveCfg = Debug|Any CPU
		{599B6C94-EA40-4F86-87E6-4E7DA446D8EC}.Debug|Any CPU.Build.0 = Debug|Any CPU
		{599B6C94-EA40-4F86-87E6-4E7DA446D8EC}.Release|Any CPU.ActiveCfg = Release|Any CPU
		{599B6C94-EA40-4F86-87E6-4E7DA446D8EC}.Release|Any CPU.Build.0 = Release|Any CPU
		{9270E3FC-51A1-484D-914B-EDC864F7D184}.Debug|Any CPU.ActiveCfg = Debug|Any CPU
		{9270E3FC-51A1-484D-914B-EDC864F7D184}.Debug|Any CPU.Build.0 = Debug|Any CPU
		{9270E3FC-51A1-484D-914B-EDC864F7D184}.Release|Any CPU.ActiveCfg = Release|Any CPU
		{9270E3FC-51A1-484D-914B-EDC864F7D184}.Release|Any CPU.Build.0 = Release|Any CPU
		{7BF67838-3C98-46E3-BA7A-6D870F1D9A87}.Debug|Any CPU.ActiveCfg = Debug|Any CPU
		{7BF67838-3C98-46E3-BA7A-6D870F1D9A87}.Debug|Any CPU.Build.0 = Debug|Any CPU
		{7BF67838-3C98-46E3-BA7A-6D870F1D9A87}.Release|Any CPU.ActiveCfg = Release|Any CPU
		{7BF67838-3C98-46E3-BA7A-6D870F1D9A87}.Release|Any CPU.Build.0 = Release|Any CPU
		{999D9D17-8AD5-49CF-9D79-5519953E1BDC}.Debug|Any CPU.ActiveCfg = Debug|Any CPU
		{999D9D17-8AD5-49CF-9D79-5519953E1BDC}.Debug|Any CPU.Build.0 = Debug|Any CPU
		{999D9D17-8AD5-49CF-9D79-5519953E1BDC}.Release|Any CPU.ActiveCfg = Release|Any CPU
		{999D9D17-8AD5-49CF-9D79-5519953E1BDC}.Release|Any CPU.Build.0 = Release|Any CPU
		{5E80E49D-9B77-43FB-9F42-E9DDEBE7827F}.Debug|Any CPU.ActiveCfg = Debug|Any CPU
		{5E80E49D-9B77-43FB-9F42-E9DDEBE7827F}.Debug|Any CPU.Build.0 = Debug|Any CPU
		{5E80E49D-9B77-43FB-9F42-E9DDEBE7827F}.Release|Any CPU.ActiveCfg = Release|Any CPU
		{5E80E49D-9B77-43FB-9F42-E9DDEBE7827F}.Release|Any CPU.Build.0 = Release|Any CPU
		{D386C0DB-5BC1-49BF-A029-EF9D618B34E7}.Debug|Any CPU.ActiveCfg = Debug|Any CPU
		{D386C0DB-5BC1-49BF-A029-EF9D618B34E7}.Debug|Any CPU.Build.0 = Debug|Any CPU
		{D386C0DB-5BC1-49BF-A029-EF9D618B34E7}.Release|Any CPU.ActiveCfg = Release|Any CPU
		{D386C0DB-5BC1-49BF-A029-EF9D618B34E7}.Release|Any CPU.Build.0 = Release|Any CPU
	EndGlobalSection
	GlobalSection(SolutionProperties) = preSolution
		HideSolutionNode = FALSE
	EndGlobalSection
	GlobalSection(NestedProjects) = preSolution
		{FC62D9F5-2E3D-4947-8E57-EC851F27F9D8} = {F69EB307-B73B-4062-97F3-89C7368D1358}
		{ED1D61F2-3254-453C-B0CB-8E77AED445EB} = {84034956-71BC-4E90-B575-0ED218DB12F4}
		{599B6C94-EA40-4F86-87E6-4E7DA446D8EC} = {84034956-71BC-4E90-B575-0ED218DB12F4}
		{9270E3FC-51A1-484D-914B-EDC864F7D184} = {EACDC9D5-4A5A-42C7-B8AA-5B59C960F05A}
		{7BF67838-3C98-46E3-BA7A-6D870F1D9A87} = {EACDC9D5-4A5A-42C7-B8AA-5B59C960F05A}
		{999D9D17-8AD5-49CF-9D79-5519953E1BDC} = {EACDC9D5-4A5A-42C7-B8AA-5B59C960F05A}
		{5E80E49D-9B77-43FB-9F42-E9DDEBE7827F} = {8BFC396D-632E-4551-A3FF-16F2BE6E2B73}
		{D386C0DB-5BC1-49BF-A029-EF9D618B34E7} = {8B26F87D-8E5C-4146-B606-29C1F154B34A}
	EndGlobalSection
	GlobalSection(ExtensibilityGlobals) = postSolution
		SolutionGuid = {8F929A1E-FDBD-44CF-827D-F79229751CCB}
	EndGlobalSection
EndGlobal
